
Microsoft Visual Studio Solution File, Format Version 12.00
# Visual Studio 2012
Project("{FAE04EC0-301F-11D3-BF4B-00C04F79EFBC}") = "LogExec.Web.Mvc", "LogExec.Web.Mvc\LogExec.Web.Mvc.csproj", "{939DC89F-71E6-4E23-B079-6DB9FC4AD820}"
EndProject
Project("{2150E333-8FDC-42A3-9474-1A3956D46DE8}") = "Samples", "Samples", "{6AF49018-1510-4861-B32B-3AA5A4720C84}"
EndProject
Project("{FAE04EC0-301F-11D3-BF4B-00C04F79EFBC}") = "LogExec.Sample.Web.Mvc", "Samples\LogExec.Sample.Web.Mvc\LogExec.Sample.Web.Mvc.csproj", "{0C1984F2-716E-4F48-87FE-6A69051EAF37}"
EndProject
Global
	GlobalSection(SolutionConfigurationPlatforms) = preSolution
		Debug|Any CPU = Debug|Any CPU
		Release|Any CPU = Release|Any CPU
	EndGlobalSection
	GlobalSection(ProjectConfigurationPlatforms) = postSolution
		{939DC89F-71E6-4E23-B079-6DB9FC4AD820}.Debug|Any CPU.ActiveCfg = Debug|Any CPU
		{939DC89F-71E6-4E23-B079-6DB9FC4AD820}.Debug|Any CPU.Build.0 = Debug|Any CPU
		{939DC89F-71E6-4E23-B079-6DB9FC4AD820}.Release|Any CPU.ActiveCfg = Release|Any CPU
		{939DC89F-71E6-4E23-B079-6DB9FC4AD820}.Release|Any CPU.Build.0 = Release|Any CPU
		{0C1984F2-716E-4F48-87FE-6A69051EAF37}.Debug|Any CPU.ActiveCfg = Debug|Any CPU
		{0C1984F2-716E-4F48-87FE-6A69051EAF37}.Debug|Any CPU.Build.0 = Debug|Any CPU
		{0C1984F2-716E-4F48-87FE-6A69051EAF37}.Release|Any CPU.ActiveCfg = Release|Any CPU
		{0C1984F2-716E-4F48-87FE-6A69051EAF37}.Release|Any CPU.Build.0 = Release|Any CPU
	EndGlobalSection
	GlobalSection(SolutionProperties) = preSolution
		HideSolutionNode = FALSE
	EndGlobalSection
	GlobalSection(NestedProjects) = preSolution
		{0C1984F2-716E-4F48-87FE-6A69051EAF37} = {6AF49018-1510-4861-B32B-3AA5A4720C84}
	EndGlobalSection
EndGlobal
